// !$*UTF8*$!
{
	archiveVersion = 1;
	classes = {
	};
	objectVersion = 46;
	objects = {

/* Begin PBXBuildFile section */
		E4B450421C498E670075E8B3 /* main.m in Sources */ = {isa = PBXBuildFile; fileRef = E4B450411C498E670075E8B3 /* main.m */; };
		E4B450451C498E670075E8B3 /* AppDelegate.m in Sources */ = {isa = PBXBuildFile; fileRef = E4B450441C498E670075E8B3 /* AppDelegate.m */; };
		E4B450481C498E670075E8B3 /* ViewController.m in Sources */ = {isa = PBXBuildFile; fileRef = E4B450471C498E670075E8B3 /* ViewController.m */; };
		E4B4504B1C498E670075E8B3 /* Main.storyboard in Resources */ = {isa = PBXBuildFile; fileRef = E4B450491C498E670075E8B3 /* Main.storyboard */; };
		E4B4504D1C498E670075E8B3 /* Assets.xcassets in Resources */ = {isa = PBXBuildFile; fileRef = E4B4504C1C498E670075E8B3 /* Assets.xcassets */; };
		E4B450501C498E670075E8B3 /* LaunchScreen.storyboard in Resources */ = {isa = PBXBuildFile; fileRef = E4B4504E1C498E670075E8B3 /* LaunchScreen.storyboard */; };
		E4B4505B1C498E680075E8B3 /* Snap_GameTests.m in Sources */ = {isa = PBXBuildFile; fileRef = E4B4505A1C498E680075E8B3 /* Snap_GameTests.m */; };
		E4B450661C498E680075E8B3 /* Snap_GameUITests.m in Sources */ = {isa = PBXBuildFile; fileRef = E4B450651C498E680075E8B3 /* Snap_GameUITests.m */; };
/* End PBXBuildFile section */

/* Begin PBXContainerItemProxy section */
		E4B450571C498E670075E8B3 /* PBXContainerItemProxy */ = {
			isa = PBXContainerItemProxy;
			containerPortal = E4B450351C498E670075E8B3 /* Project object */;
			proxyType = 1;
			remoteGlobalIDString = E4B4503C1C498E670075E8B3;
			remoteInfo = "Snap Game";
		};
		E4B450621C498E680075E8B3 /* PBXContainerItemProxy */ = {
			isa = PBXContainerItemProxy;
			containerPortal = E4B450351C498E670075E8B3 /* Project object */;
			proxyType = 1;
			remoteGlobalIDString = E4B4503C1C498E670075E8B3;
			remoteInfo = "Snap Game";
		};
/* End PBXContainerItemProxy section */

/* Begin PBXFileReference section */
		E4B4503D1C498E670075E8B3 /* Snap Game.app */ = {isa = PBXFileReference; explicitFileType = wrapper.application; includeInIndex = 0; path = "Snap Game.app"; sourceTree = BUILT_PRODUCTS_DIR; };
		E4B450411C498E670075E8B3 /* main.m */ = {isa = PBXFileReference; lastKnownFileType = sourcecode.c.objc; path = main.m; sourceTree = "<group>"; };
		E4B450431C498E670075E8B3 /* AppDelegate.h */ = {isa = PBXFileReference; lastKnownFileType = sourcecode.c.h; path = AppDelegate.h; sourceTree = "<group>"; };
		E4B450441C498E670075E8B3 /* AppDelegate.m */ = {isa = PBXFileReference; lastKnownFileType = sourcecode.c.objc; path = AppDelegate.m; sourceTree = "<group>"; };
		E4B450461C498E670075E8B3 /* ViewController.h */ = {isa = PBXFileReference; lastKnownFileType = sourcecode.c.h; path = ViewController.h; sourceTree = "<group>"; };
		E4B450471C498E670075E8B3 /* ViewController.m */ = {isa = PBXFileReference; lastKnownFileType = sourcecode.c.objc; path = ViewController.m; sourceTree = "<group>"; };
		E4B4504A1C498E670075E8B3 /* Base */ = {isa = PBXFileReference; lastKnownFileType = file.storyboard; name = Base; path = Base.lproj/Main.storyboard; sourceTree = "<group>"; };
		E4B4504C1C498E670075E8B3 /* Assets.xcassets */ = {isa = PBXFileReference; lastKnownFileType = folder.assetcatalog; path = Assets.xcassets; sourceTree = "<group>"; };
		E4B4504F1C498E670075E8B3 /* Base */ = {isa = PBXFileReference; lastKnownFileType = file.storyboard; name = Base; path = Base.lproj/LaunchScreen.storyboard; sourceTree = "<group>"; };
		E4B450511C498E670075E8B3 /* Info.plist */ = {isa = PBXFileReference; lastKnownFileType = text.plist.xml; path = Info.plist; sourceTree = "<group>"; };
		E4B450561C498E670075E8B3 /* Snap GameTests.xctest */ = {isa = PBXFileReference; explicitFileType = wrapper.cfbundle; includeInIndex = 0; path = "Snap GameTests.xctest"; sourceTree = BUILT_PRODUCTS_DIR; };
		E4B4505A1C498E680075E8B3 /* Snap_GameTests.m */ = {isa = PBXFileReference; lastKnownFileType = sourcecode.c.objc; path = Snap_GameTests.m; sourceTree = "<group>"; };
		E4B4505C1C498E680075E8B3 /* Info.plist */ = {isa = PBXFileReference; lastKnownFileType = text.plist.xml; path = Info.plist; sourceTree = "<group>"; };
		E4B450611C498E680075E8B3 /* Snap GameUITests.xctest */ = {isa = PBXFileReference; explicitFileType = wrapper.cfbundle; includeInIndex = 0; path = "Snap GameUITests.xctest"; sourceTree = BUILT_PRODUCTS_DIR; };
		E4B450651C498E680075E8B3 /* Snap_GameUITests.m */ = {isa = PBXFileReference; lastKnownFileType = sourcecode.c.objc; path = Snap_GameUITests.m; sourceTree = "<group>"; };
		E4B450671C498E680075E8B3 /* Info.plist */ = {isa = PBXFileReference; lastKnownFileType = text.plist.xml; path = Info.plist; sourceTree = "<group>"; };
/* End PBXFileReference section */

/* Begin PBXFrameworksBuildPhase section */
		E4B4503A1C498E670075E8B3 /* Frameworks */ = {
			isa = PBXFrameworksBuildPhase;
			buildActionMask = 2147483647;
			files = (
			);
			runOnlyForDeploymentPostprocessing = 0;
		};
		E4B450531C498E670075E8B3 /* Frameworks */ = {
			isa = PBXFrameworksBuildPhase;
			buildActionMask = 2147483647;
			files = (
			);
			runOnlyForDeploymentPostprocessing = 0;
		};
		E4B4505E1C498E680075E8B3 /* Frameworks */ = {
			isa = PBXFrameworksBuildPhase;
			buildActionMask = 2147483647;
			files = (
			);
			runOnlyForDeploymentPostprocessing = 0;
		};
/* End PBXFrameworksBuildPhase section */

/* Begin PBXGroup section */
		E4B450341C498E670075E8B3 = {
			isa = PBXGroup;
			children = (
				E4B4503F1C498E670075E8B3 /* Snap Game */,
				E4B450591C498E670075E8B3 /* Snap GameTests */,
				E4B450641C498E680075E8B3 /* Snap GameUITests */,
				E4B4503E1C498E670075E8B3 /* Products */,
			);
			sourceTree = "<group>";
		};
		E4B4503E1C498E670075E8B3 /* Products */ = {
			isa = PBXGroup;
			children = (
				E4B4503D1C498E670075E8B3 /* Snap Game.app */,
				E4B450561C498E670075E8B3 /* Snap GameTests.xctest */,
				E4B450611C498E680075E8B3 /* Snap GameUITests.xctest */,
			);
			name = Products;
			sourceTree = "<group>";
		};
		E4B4503F1C498E670075E8B3 /* Snap Game */ = {
			isa = PBXGroup;
			children = (
				E4B450431C498E670075E8B3 /* AppDelegate.h */,
				E4B450441C498E670075E8B3 /* AppDelegate.m */,
				E4B450461C498E670075E8B3 /* ViewController.h */,
				E4B450471C498E670075E8B3 /* ViewController.m */,
				E4B450491C498E670075E8B3 /* Main.storyboard */,
				E4B4504C1C498E670075E8B3 /* Assets.xcassets */,
				E4B4504E1C498E670075E8B3 /* LaunchScreen.storyboard */,
				E4B450511C498E670075E8B3 /* Info.plist */,
				E4B450401C498E670075E8B3 /* Supporting Files */,
			);
			path = "Snap Game";
			sourceTree = "<group>";
		};
		E4B450401C498E670075E8B3 /* Supporting Files */ = {
			isa = PBXGroup;
			children = (
				E4B450411C498E670075E8B3 /* main.m */,
			);
			name = "Supporting Files";
			sourceTree = "<group>";
		};
		E4B450591C498E670075E8B3 /* Snap GameTests */ = {
			isa = PBXGroup;
			children = (
				E4B4505A1C498E680075E8B3 /* Snap_GameTests.m */,
				E4B4505C1C498E680075E8B3 /* Info.plist */,
			);
			path = "Snap GameTests";
			sourceTree = "<group>";
		};
		E4B450641C498E680075E8B3 /* Snap GameUITests */ = {
			isa = PBXGroup;
			children = (
				E4B450651C498E680075E8B3 /* Snap_GameUITests.m */,
				E4B450671C498E680075E8B3 /* Info.plist */,
			);
			path = "Snap GameUITests";
			sourceTree = "<group>";
		};
/* End PBXGroup section */

/* Begin PBXNativeTarget section */
		E4B4503C1C498E670075E8B3 /* Snap Game */ = {
			isa = PBXNativeTarget;
			buildConfigurationList = E4B4506A1C498E680075E8B3 /* Build configuration list for PBXNativeTarget "Snap Game" */;
			buildPhases = (
				E4B450391C498E670075E8B3 /* Sources */,
				E4B4503A1C498E670075E8B3 /* Frameworks */,
				E4B4503B1C498E670075E8B3 /* Resources */,
			);
			buildRules = (
			);
			dependencies = (
			);
			name = "Snap Game";
			productName = "Snap Game";
			productReference = E4B4503D1C498E670075E8B3 /* Snap Game.app */;
			productType = "com.apple.product-type.application";
		};
		E4B450551C498E670075E8B3 /* Snap GameTests */ = {
			isa = PBXNativeTarget;
			buildConfigurationList = E4B4506D1C498E680075E8B3 /* Build configuration list for PBXNativeTarget "Snap GameTests" */;
			buildPhases = (
				E4B450521C498E670075E8B3 /* Sources */,
				E4B450531C498E670075E8B3 /* Frameworks */,
				E4B450541C498E670075E8B3 /* Resources */,
			);
			buildRules = (
			);
			dependencies = (
				E4B450581C498E670075E8B3 /* PBXTargetDependency */,
			);
			name = "Snap GameTests";
			productName = "Snap GameTests";
			productReference = E4B450561C498E670075E8B3 /* Snap GameTests.xctest */;
			productType = "com.apple.product-type.bundle.unit-test";
		};
		E4B450601C498E680075E8B3 /* Snap GameUITests */ = {
			isa = PBXNativeTarget;
			buildConfigurationList = E4B450701C498E680075E8B3 /* Build configuration list for PBXNativeTarget "Snap GameUITests" */;
			buildPhases = (
				E4B4505D1C498E680075E8B3 /* Sources */,
				E4B4505E1C498E680075E8B3 /* Frameworks */,
				E4B4505F1C498E680075E8B3 /* Resources */,
			);
			buildRules = (
			);
			dependencies = (
				E4B450631C498E680075E8B3 /* PBXTargetDependency */,
			);
			name = "Snap GameUITests";
			productName = "Snap GameUITests";
			productReference = E4B450611C498E680075E8B3 /* Snap GameUITests.xctest */;
			productType = "com.apple.product-type.bundle.ui-testing";
		};
/* End PBXNativeTarget section */

/* Begin PBXProject section */
		E4B450351C498E670075E8B3 /* Project object */ = {
			isa = PBXProject;
			attributes = {
				LastUpgradeCheck = 0720;
				ORGANIZATIONNAME = "Roman Puzey";
				TargetAttributes = {
					E4B4503C1C498E670075E8B3 = {
						CreatedOnToolsVersion = 7.2;
						DevelopmentTeam = URRFBAQJ2L;
					};
					E4B450551C498E670075E8B3 = {
						CreatedOnToolsVersion = 7.2;
						DevelopmentTeam = URRFBAQJ2L;
						TestTargetID = E4B4503C1C498E670075E8B3;
					};
					E4B450601C498E680075E8B3 = {
						CreatedOnToolsVersion = 7.2;
						DevelopmentTeam = URRFBAQJ2L;
						TestTargetID = E4B4503C1C498E670075E8B3;
					};
				};
			};
			buildConfigurationList = E4B450381C498E670075E8B3 /* Build configuration list for PBXProject "Snap Game" */;
			compatibilityVersion = "Xcode 3.2";
			developmentRegion = English;
			hasScannedForEncodings = 0;
			knownRegions = (
				en,
				Base,
			);
			mainGroup = E4B450341C498E670075E8B3;
			productRefGroup = E4B4503E1C498E670075E8B3 /* Products */;
			projectDirPath = "";
			projectRoot = "";
			targets = (
				E4B4503C1C498E670075E8B3 /* Snap Game */,
				E4B450551C498E670075E8B3 /* Snap GameTests */,
				E4B450601C498E680075E8B3 /* Snap GameUITests */,
			);
		};
/* End PBXProject section */

/* Begin PBXResourcesBuildPhase section */
		E4B4503B1C498E670075E8B3 /* Resources */ = {
			isa = PBXResourcesBuildPhase;
			buildActionMask = 2147483647;
			files = (
				E4B450501C498E670075E8B3 /* LaunchScreen.storyboard in Resources */,
				E4B4504D1C498E670075E8B3 /* Assets.xcassets in Resources */,
				E4B4504B1C498E670075E8B3 /* Main.storyboard in Resources */,
			);
			runOnlyForDeploymentPostprocessing = 0;
		};
		E4B450541C498E670075E8B3 /* Resources */ = {
			isa = PBXResourcesBuildPhase;
			buildActionMask = 2147483647;
			files = (
			);
			runOnlyForDeploymentPostprocessing = 0;
		};
		E4B4505F1C498E680075E8B3 /* Resources */ = {
			isa = PBXResourcesBuildPhase;
			buildActionMask = 2147483647;
			files = (
			);
			runOnlyForDeploymentPostprocessing = 0;
		};
/* End PBXResourcesBuildPhase section */

/* Begin PBXSourcesBuildPhase section */
		E4B450391C498E670075E8B3 /* Sources */ = {
			isa = PBXSourcesBuildPhase;
			buildActionMask = 2147483647;
			files = (
				E4B450481C498E670075E8B3 /* ViewController.m in Sources */,
				E4B450451C498E670075E8B3 /* AppDelegate.m in Sources */,
				E4B450421C498E670075E8B3 /* main.m in Sources */,
			);
			runOnlyForDeploymentPostprocessing = 0;
		};
		E4B450521C498E670075E8B3 /* Sources */ = {
			isa = PBXSourcesBuildPhase;
			buildActionMask = 2147483647;
			files = (
				E4B4505B1C498E680075E8B3 /* Snap_GameTests.m in Sources */,
			);
			runOnlyForDeploymentPostprocessing = 0;
		};
		E4B4505D1C498E680075E8B3 /* Sources */ = {
			isa = PBXSourcesBuildPhase;
			buildActionMask = 2147483647;
			files = (
				E4B450661C498E680075E8B3 /* Snap_GameUITests.m in Sources */,
			);
			runOnlyForDeploymentPostprocessing = 0;
		};
/* End PBXSourcesBuildPhase section */

/* Begin PBXTargetDependency section */
		E4B450581C498E670075E8B3 /* PBXTargetDependency */ = {
			isa = PBXTargetDependency;
			target = E4B4503C1C498E670075E8B3 /* Snap Game */;
			targetProxy = E4B450571C498E670075E8B3 /* PBXContainerItemProxy */;
		};
		E4B450631C498E680075E8B3 /* PBXTargetDependency */ = {
			isa = PBXTargetDependency;
			target = E4B4503C1C498E670075E8B3 /* Snap Game */;
			targetProxy = E4B450621C498E680075E8B3 /* PBXContainerItemProxy */;
		};
/* End PBXTargetDependency section */

/* Begin PBXVariantGroup section */
		E4B450491C498E670075E8B3 /* Main.storyboard */ = {
			isa = PBXVariantGroup;
			children = (
				E4B4504A1C498E670075E8B3 /* Base */,
			);
			name = Main.storyboard;
			sourceTree = "<group>";
		};
		E4B4504E1C498E670075E8B3 /* LaunchScreen.storyboard */ = {
			isa = PBXVariantGroup;
			children = (
				E4B4504F1C498E670075E8B3 /* Base */,
			);
			name = LaunchScreen.storyboard;
			sourceTree = "<group>";
		};
/* End PBXVariantGroup section */

/* Begin XCBuildConfiguration section */
		E4B450681C498E680075E8B3 /* Debug */ = {
			isa = XCBuildConfiguration;
			buildSettings = {
				ALWAYS_SEARCH_USER_PATHS = NO;
				CLANG_CXX_LANGUAGE_STANDARD = "gnu++0x";
				CLANG_CXX_LIBRARY = "libc++";
				CLANG_ENABLE_MODULES = YES;
				CLANG_ENABLE_OBJC_ARC = YES;
				CLANG_WARN_BOOL_CONVERSION = YES;
				CLANG_WARN_CONSTANT_CONVERSION = YES;
				CLANG_WARN_DIRECT_OBJC_ISA_USAGE = YES_ERROR;
				CLANG_WARN_EMPTY_BODY = YES;
				CLANG_WARN_ENUM_CONVERSION = YES;
				CLANG_WARN_INT_CONVERSION = YES;
				CLANG_WARN_OBJC_ROOT_CLASS = YES_ERROR;
				CLANG_WARN_UNREACHABLE_CODE = YES;
				CLANG_WARN__DUPLICATE_METHOD_MATCH = YES;
				"CODE_SIGN_IDENTITY[sdk=iphoneos*]" = "iPhone Developer";
				COPY_PHASE_STRIP = NO;
				DEBUG_INFORMATION_FORMAT = dwarf;
				ENABLE_STRICT_OBJC_MSGSEND = YES;
				ENABLE_TESTABILITY = YES;
				GCC_C_LANGUAGE_STANDARD = gnu99;
				GCC_DYNAMIC_NO_PIC = NO;
				GCC_NO_COMMON_BLOCKS = YES;
				GCC_OPTIMIZATION_LEVEL = 0;
				GCC_PREPROCESSOR_DEFINITIONS = (
					"DEBUG=1",
					"$(inherited)",
				);
				GCC_WARN_64_TO_32_BIT_CONVERSION = YES;
				GCC_WARN_ABOUT_RETURN_TYPE = YES_ERROR;
				GCC_WARN_UNDECLARED_SELECTOR = YES;
				GCC_WARN_UNINITIALIZED_AUTOS = YES_AGGRESSIVE;
				GCC_WARN_UNUSED_FUNCTION = YES;
				GCC_WARN_UNUSED_VARIABLE = YES;
				IPHONEOS_DEPLOYMENT_TARGET = 9.2;
				MTL_ENABLE_DEBUG_INFO = YES;
				ONLY_ACTIVE_ARCH = YES;
				SDKROOT = iphoneos;
			};
			name = Debug;
		};
		E4B450691C498E680075E8B3 /* Release */ = {
			isa = XCBuildConfiguration;
			buildSettings = {
				ALWAYS_SEARCH_USER_PATHS = NO;
				CLANG_CXX_LANGUAGE_STANDARD = "gnu++0x";
				CLANG_CXX_LIBRARY = "libc++";
				CLANG_ENABLE_MODULES = YES;
				CLANG_ENABLE_OBJC_ARC = YES;
				CLANG_WARN_BOOL_CONVERSION = YES;
				CLANG_WARN_CONSTANT_CONVERSION = YES;
				CLANG_WARN_DIRECT_OBJC_ISA_USAGE = YES_ERROR;
				CLANG_WARN_EMPTY_BODY = YES;
				CLANG_WARN_ENUM_CONVERSION = YES;
				CLANG_WARN_INT_CONVERSION = YES;
				CLANG_WARN_OBJC_ROOT_CLASS = YES_ERROR;
				CLANG_WARN_UNREACHABLE_CODE = YES;
				CLANG_WARN__DUPLICATE_METHOD_MATCH = YES;
				"CODE_SIGN_IDENTITY[sdk=iphoneos*]" = "iPhone Developer";
				COPY_PHASE_STRIP = NO;
				DEBUG_INFORMATION_FORMAT = "dwarf-with-dsym";
				ENABLE_NS_ASSERTIONS = NO;
				ENABLE_STRICT_OBJC_MSGSEND = YES;
				GCC_C_LANGUAGE_STANDARD = gnu99;
				GCC_NO_COMMON_BLOCKS = YES;
				GCC_WARN_64_TO_32_BIT_CONVERSION = YES;
				GCC_WARN_ABOUT_RETURN_TYPE = YES_ERROR;
				GCC_WARN_UNDECLARED_SELECTOR = YES;
				GCC_WARN_UNINITIALIZED_AUTOS = YES_AGGRESSIVE;
				GCC_WARN_UNUSED_FUNCTION = YES;
				GCC_WARN_UNUSED_VARIABLE = YES;
				IPHONEOS_DEPLOYMENT_TARGET = 9.2;
				MTL_ENABLE_DEBUG_INFO = NO;
				SDKROOT = iphoneos;
				VALIDATE_PRODUCT = YES;
			};
			name = Release;
		};
		E4B4506B1C498E680075E8B3 /* Debug */ = {
			isa = XCBuildConfiguration;
			buildSettings = {
				ASSETCATALOG_COMPILER_APPICON_NAME = AppIcon;
				INFOPLIST_FILE = "Snap Game/Info.plist";
				LD_RUNPATH_SEARCH_PATHS = "$(inherited) @executable_path/Frameworks";
				PRODUCT_BUNDLE_IDENTIFIER = "edu.Roman.Puzey.Snap-Game";
				PRODUCT_NAME = "$(TARGET_NAME)";
			};
			name = Debug;
		};
		E4B4506C1C498E680075E8B3 /* Release */ = {
			isa = XCBuildConfiguration;
			buildSettings = {
				ASSETCATALOG_COMPILER_APPICON_NAME = AppIcon;
				INFOPLIST_FILE = "Snap Game/Info.plist";
				LD_RUNPATH_SEARCH_PATHS = "$(inherited) @executable_path/Frameworks";
				PRODUCT_BUNDLE_IDENTIFIER = "edu.Roman.Puzey.Snap-Game";
				PRODUCT_NAME = "$(TARGET_NAME)";
			};
			name = Release;
		};
		E4B4506E1C498E680075E8B3 /* Debug */ = {
			isa = XCBuildConfiguration;
			buildSettings = {
				BUNDLE_LOADER = "$(TEST_HOST)";
				INFOPLIST_FILE = "Snap GameTests/Info.plist";
				LD_RUNPATH_SEARCH_PATHS = "$(inherited) @executable_path/Frameworks @loader_path/Frameworks";
				PRODUCT_BUNDLE_IDENTIFIER = "edu.Roman.Puzey.Snap-GameTests";
				PRODUCT_NAME = "$(TARGET_NAME)";
				TEST_HOST = "$(BUILT_PRODUCTS_DIR)/Snap Game.app/Snap Game";
			};
			name = Debug;
		};
		E4B4506F1C498E680075E8B3 /* Release */ = {
			isa = XCBuildConfiguration;
			buildSettings = {
				BUNDLE_LOADER = "$(TEST_HOST)";
				INFOPLIST_FILE = "Snap GameTests/Info.plist";
				LD_RUNPATH_SEARCH_PATHS = "$(inherited) @executable_path/Frameworks @loader_path/Frameworks";
				PRODUCT_BUNDLE_IDENTIFIER = "edu.Roman.Puzey.Snap-GameTests";
				PRODUCT_NAME = "$(TARGET_NAME)";
				TEST_HOST = "$(BUILT_PRODUCTS_DIR)/Snap Game.app/Snap Game";
			};
			name = Release;
		};
		E4B450711C498E680075E8B3 /* Debug */ = {
			isa = XCBuildConfiguration;
			buildSettings = {
				INFOPLIST_FILE = "Snap GameUITests/Info.plist";
				LD_RUNPATH_SEARCH_PATHS = "$(inherited) @executable_path/Frameworks @loader_path/Frameworks";
				PRODUCT_BUNDLE_IDENTIFIER = "edu.Roman.Puzey.Snap-GameUITests";
				PRODUCT_NAME = "$(TARGET_NAME)";
				TEST_TARGET_NAME = "Snap Game";
				USES_XCTRUNNER = YES;
			};
			name = Debug;
		};
		E4B450721C498E680075E8B3 /* Release */ = {
			isa = XCBuildConfiguration;
			buildSettings = {
				INFOPLIST_FILE = "Snap GameUITests/Info.plist";
				LD_RUNPATH_SEARCH_PATHS = "$(inherited) @executable_path/Frameworks @loader_path/Frameworks";
				PRODUCT_BUNDLE_IDENTIFIER = "edu.Roman.Puzey.Snap-GameUITests";
				PRODUCT_NAME = "$(TARGET_NAME)";
				TEST_TARGET_NAME = "Snap Game";
				USES_XCTRUNNER = YES;
			};
			name = Release;
		};
/* End XCBuildConfiguration section */

/* Begin XCConfigurationList section */
		E4B450381C498E670075E8B3 /* Build configuration list for PBXProject "Snap Game" */ = {
			isa = XCConfigurationList;
			buildConfigurations = (
				E4B450681C498E680075E8B3 /* Debug */,
				E4B450691C498E680075E8B3 /* Release */,
			);
			defaultConfigurationIsVisible = 0;
			defaultConfigurationName = Release;
		};
		E4B4506A1C498E680075E8B3 /* Build configuration list for PBXNativeTarget "Snap Game" */ = {
			isa = XCConfigurationList;
			buildConfigurations = (
				E4B4506B1C498E680075E8B3 /* Debug */,
				E4B4506C1C498E680075E8B3 /* Release */,
			);
			defaultConfigurationIsVisible = 0;
		};
		E4B4506D1C498E680075E8B3 /* Build configuration list for PBXNativeTarget "Snap GameTests" */ = {
			isa = XCConfigurationList;
			buildConfigurations = (
				E4B4506E1C498E680075E8B3 /* Debug */,
				E4B4506F1C498E680075E8B3 /* Release */,
			);
			defaultConfigurationIsVisible = 0;
		};
		E4B450701C498E680075E8B3 /* Build configuration list for PBXNativeTarget "Snap GameUITests" */ = {
			isa = XCConfigurationList;
			buildConfigurations = (
				E4B450711C498E680075E8B3 /* Debug */,
				E4B450721C498E680075E8B3 /* Release */,
			);
			defaultConfigurationIsVisible = 0;
		};
/* End XCConfigurationList section */
	};
	rootObject = E4B450351C498E670075E8B3 /* Project object */;
}
